
Microsoft Visual Studio Solution File, Format Version 12.00
# Visual Studio Version 16
VisualStudioVersion = 16.0.30225.117
MinimumVisualStudioVersion = 10.0.40219.1
Project("{FAE04EC0-301F-11D3-BF4B-00C04F79EFBC}") = "SocialBotDemo", "SocialBotDemo.csproj", "{90A2BDBA-8011-4635-B620-E8758CBBE089}"
EndProject
Global
	GlobalSection(SolutionConfigurationPlatforms) = preSolution
		Debug|Any CPU = Debug|Any CPU
		Release|Any CPU = Release|Any CPU
	EndGlobalSection
	GlobalSection(ProjectConfigurationPlatforms) = postSolution
		{90A2BDBA-8011-4635-B620-E8758CBBE089}.Debug|Any CPU.ActiveCfg = Debug|Any CPU
		{90A2BDBA-8011-4635-B620-E8758CBBE089}.Debug|Any CPU.Build.0 = Debug|Any CPU
		{90A2BDBA-8011-4635-B620-E8758CBBE089}.Release|Any CPU.ActiveCfg = Release|Any CPU
		{90A2BDBA-8011-4635-B620-E8758CBBE089}.Release|Any CPU.Build.0 = Release|Any CPU
	EndGlobalSection
	GlobalSection(SolutionProperties) = preSolution
		HideSolutionNode = FALSE
	EndGlobalSection
	GlobalSection(ExtensibilityGlobals) = postSolution
		SolutionGuid = {96458DB5-079E-4737-B699-9450EEDA9AA4}
	EndGlobalSection
EndGlobal
